// !$*UTF8*$!
{
	archiveVersion = 1;
	classes = {
	};
	objectVersion = 50;
	objects = {

/* Begin PBXBuildFile section */
		647338AE2509858800CD57BD /* AppDelegate.swift in Sources */ = {isa = PBXBuildFile; fileRef = 647338AD2509858800CD57BD /* AppDelegate.swift */; };
		647338B02509858800CD57BD /* SceneDelegate.swift in Sources */ = {isa = PBXBuildFile; fileRef = 647338AF2509858800CD57BD /* SceneDelegate.swift */; };
		647338B22509858800CD57BD /* ContentView.swift in Sources */ = {isa = PBXBuildFile; fileRef = 647338B12509858800CD57BD /* ContentView.swift */; };
		647338B42509858900CD57BD /* Assets.xcassets in Resources */ = {isa = PBXBuildFile; fileRef = 647338B32509858900CD57BD /* Assets.xcassets */; };
		647338B72509858900CD57BD /* Preview Assets.xcassets in Resources */ = {isa = PBXBuildFile; fileRef = 647338B62509858900CD57BD /* Preview Assets.xcassets */; };
		647338BA2509858900CD57BD /* LaunchScreen.storyboard in Resources */ = {isa = PBXBuildFile; fileRef = 647338B82509858900CD57BD /* LaunchScreen.storyboard */; };
		64A935FC2509916E0082AC00 /* CategoriesView.swift in Sources */ = {isa = PBXBuildFile; fileRef = 64A935FB2509916E0082AC00 /* CategoriesView.swift */; };
		64A935FE2509958D0082AC00 /* OurServicesView.swift in Sources */ = {isa = PBXBuildFile; fileRef = 64A935FD2509958D0082AC00 /* OurServicesView.swift */; };
		64A93600250995B50082AC00 /* TopAndSearchView.swift in Sources */ = {isa = PBXBuildFile; fileRef = 64A935FF250995B50082AC00 /* TopAndSearchView.swift */; };
		64A93602250996AF0082AC00 /* README.md in Resources */ = {isa = PBXBuildFile; fileRef = 64A93601250996AF0082AC00 /* README.md */; };
		64D2298D250BA1BE00F5423B /* MenuView.swift in Sources */ = {isa = PBXBuildFile; fileRef = 64D2298C250BA1BE00F5423B /* MenuView.swift */; };
		64D2298F250BAB5C00F5423B /* HomeView.swift in Sources */ = {isa = PBXBuildFile; fileRef = 64D2298E250BAB5C00F5423B /* HomeView.swift */; };
/* End PBXBuildFile section */

/* Begin PBXFileReference section */
		647338AA2509858800CD57BD /* DoctorAppointmentApp.app */ = {isa = PBXFileReference; explicitFileType = wrapper.application; includeInIndex = 0; path = DoctorAppointmentApp.app; sourceTree = BUILT_PRODUCTS_DIR; };
		647338AD2509858800CD57BD /* AppDelegate.swift */ = {isa = PBXFileReference; lastKnownFileType = sourcecode.swift; path = AppDelegate.swift; sourceTree = "<group>"; };
		647338AF2509858800CD57BD /* SceneDelegate.swift */ = {isa = PBXFileReference; lastKnownFileType = sourcecode.swift; path = SceneDelegate.swift; sourceTree = "<group>"; };
		647338B12509858800CD57BD /* ContentView.swift */ = {isa = PBXFileReference; lastKnownFileType = sourcecode.swift; path = ContentView.swift; sourceTree = "<group>"; };
		647338B32509858900CD57BD /* Assets.xcassets */ = {isa = PBXFileReference; lastKnownFileType = folder.assetcatalog; path = Assets.xcassets; sourceTree = "<group>"; };
		647338B62509858900CD57BD /* Preview Assets.xcassets */ = {isa = PBXFileReference; lastKnownFileType = folder.assetcatalog; path = "Preview Assets.xcassets"; sourceTree = "<group>"; };
		647338B92509858900CD57BD /* Base */ = {isa = PBXFileReference; lastKnownFileType = file.storyboard; name = Base; path = Base.lproj/LaunchScreen.storyboard; sourceTree = "<group>"; };
		647338BB2509858900CD57BD /* Info.plist */ = {isa = PBXFileReference; lastKnownFileType = text.plist.xml; path = Info.plist; sourceTree = "<group>"; };
		64A935FB2509916E0082AC00 /* CategoriesView.swift */ = {isa = PBXFileReference; lastKnownFileType = sourcecode.swift; name = CategoriesView.swift; path = DoctorAppointmentApp/CategoriesView.swift; sourceTree = SOURCE_ROOT; };
		64A935FD2509958D0082AC00 /* OurServicesView.swift */ = {isa = PBXFileReference; lastKnownFileType = sourcecode.swift; name = OurServicesView.swift; path = DoctorAppointmentApp/OurServicesView.swift; sourceTree = SOURCE_ROOT; };
		64A935FF250995B50082AC00 /* TopAndSearchView.swift */ = {isa = PBXFileReference; lastKnownFileType = sourcecode.swift; path = TopAndSearchView.swift; sourceTree = "<group>"; };
		64A93601250996AF0082AC00 /* README.md */ = {isa = PBXFileReference; lastKnownFileType = net.daringfireball.markdown; path = README.md; sourceTree = "<group>"; };
		64D2298C250BA1BE00F5423B /* MenuView.swift */ = {isa = PBXFileReference; lastKnownFileType = sourcecode.swift; path = MenuView.swift; sourceTree = "<group>"; };
		64D2298E250BAB5C00F5423B /* HomeView.swift */ = {isa = PBXFileReference; lastKnownFileType = sourcecode.swift; name = HomeView.swift; path = DoctorAppointmentApp/HomeView.swift; sourceTree = SOURCE_ROOT; };
/* End PBXFileReference section */

/* Begin PBXFrameworksBuildPhase section */
		647338A72509858800CD57BD /* Frameworks */ = {
			isa = PBXFrameworksBuildPhase;
			buildActionMask = 2147483647;
			files = (
			);
			runOnlyForDeploymentPostprocessing = 0;
		};
/* End PBXFrameworksBuildPhase section */

/* Begin PBXGroup section */
		647338A12509858800CD57BD = {
			isa = PBXGroup;
			children = (
				64A93601250996AF0082AC00 /* README.md */,
				647338AC2509858800CD57BD /* DoctorAppointmentApp */,
				647338AB2509858800CD57BD /* Products */,
			);
			sourceTree = "<group>";
		};
		647338AB2509858800CD57BD /* Products */ = {
			isa = PBXGroup;
			children = (
				647338AA2509858800CD57BD /* DoctorAppointmentApp.app */,
			);
			name = Products;
			sourceTree = "<group>";
		};
		647338AC2509858800CD57BD /* DoctorAppointmentApp */ = {
			isa = PBXGroup;
			children = (
				647338C12509866A00CD57BD /* Views */,
				647338AD2509858800CD57BD /* AppDelegate.swift */,
				647338AF2509858800CD57BD /* SceneDelegate.swift */,
				647338B12509858800CD57BD /* ContentView.swift */,
				647338B32509858900CD57BD /* Assets.xcassets */,
				647338B82509858900CD57BD /* LaunchScreen.storyboard */,
				647338BB2509858900CD57BD /* Info.plist */,
				647338B52509858900CD57BD /* Preview Content */,
			);
			path = DoctorAppointmentApp;
			sourceTree = "<group>";
		};
		647338B52509858900CD57BD /* Preview Content */ = {
			isa = PBXGroup;
			children = (
				647338B62509858900CD57BD /* Preview Assets.xcassets */,
			);
			path = "Preview Content";
			sourceTree = "<group>";
		};
		647338C12509866A00CD57BD /* Views */ = {
			isa = PBXGroup;
			children = (
				64D2298E250BAB5C00F5423B /* HomeView.swift */,
				64A935FD2509958D0082AC00 /* OurServicesView.swift */,
				64A935FF250995B50082AC00 /* TopAndSearchView.swift */,
				64A935FB2509916E0082AC00 /* CategoriesView.swift */,
				64D2298C250BA1BE00F5423B /* MenuView.swift */,
			);
			path = Views;
			sourceTree = "<group>";
		};
/* End PBXGroup section */

/* Begin PBXNativeTarget section */
		647338A92509858800CD57BD /* DoctorAppointmentApp */ = {
			isa = PBXNativeTarget;
			buildConfigurationList = 647338BE2509858900CD57BD /* Build configuration list for PBXNativeTarget "DoctorAppointmentApp" */;
			buildPhases = (
				647338A62509858800CD57BD /* Sources */,
				647338A72509858800CD57BD /* Frameworks */,
				647338A82509858800CD57BD /* Resources */,
			);
			buildRules = (
			);
			dependencies = (
			);
			name = DoctorAppointmentApp;
			productName = DoctorAppointmentApp;
			productReference = 647338AA2509858800CD57BD /* DoctorAppointmentApp.app */;
			productType = "com.apple.product-type.application";
		};
/* End PBXNativeTarget section */

/* Begin PBXProject section */
		647338A22509858800CD57BD /* Project object */ = {
			isa = PBXProject;
			attributes = {
				LastSwiftUpdateCheck = 1170;
				LastUpgradeCheck = 1170;
				ORGANIZATIONNAME = "Raphael Cerqueira";
				TargetAttributes = {
					647338A92509858800CD57BD = {
						CreatedOnToolsVersion = 11.7;
					};
				};
			};
			buildConfigurationList = 647338A52509858800CD57BD /* Build configuration list for PBXProject "DoctorAppointmentApp" */;
			compatibilityVersion = "Xcode 9.3";
			developmentRegion = en;
			hasScannedForEncodings = 0;
			knownRegions = (
				en,
				Base,
			);
			mainGroup = 647338A12509858800CD57BD;
			productRefGroup = 647338AB2509858800CD57BD /* Products */;
			projectDirPath = "";
			projectRoot = "";
			targets = (
				647338A92509858800CD57BD /* DoctorAppointmentApp */,
			);
		};
/* End PBXProject section */

/* Begin PBXResourcesBuildPhase section */
		647338A82509858800CD57BD /* Resources */ = {
			isa = PBXResourcesBuildPhase;
			buildActionMask = 2147483647;
			files = (
				647338BA2509858900CD57BD /* LaunchScreen.storyboard in Resources */,
				647338B72509858900CD57BD /* Preview Assets.xcassets in Resources */,
				64A93602250996AF0082AC00 /* README.md in Resources */,
				647338B42509858900CD57BD /* Assets.xcassets in Resources */,
			);
			runOnlyForDeploymentPostprocessing = 0;
		};
/* End PBXResourcesBuildPhase section */

/* Begin PBXSourcesBuildPhase section */
		647338A62509858800CD57BD /* Sources */ = {
			isa = PBXSourcesBuildPhase;
			buildActionMask = 2147483647;
			files = (
				64D2298D250BA1BE00F5423B /* MenuView.swift in Sources */,
				64A935FE2509958D0082AC00 /* OurServicesView.swift in Sources */,
				64A935FC2509916E0082AC00 /* CategoriesView.swift in Sources */,
				647338AE2509858800CD57BD /* AppDelegate.swift in Sources */,
				647338B02509858800CD57BD /* SceneDelegate.swift in Sources */,
				64D2298F250BAB5C00F5423B /* HomeView.swift in Sources */,
				64A93600250995B50082AC00 /* TopAndSearchView.swift in Sources */,
				647338B22509858800CD57BD /* ContentView.swift in Sources */,
			);
			runOnlyForDeploymentPostprocessing = 0;
		};
/* End PBXSourcesBuildPhase section */

/* Begin PBXVariantGroup section */
		647338B82509858900CD57BD /* LaunchScreen.storyboard */ = {
			isa = PBXVariantGroup;
			children = (
				647338B92509858900CD57BD /* Base */,
			);
			name = LaunchScreen.storyboard;
			sourceTree = "<group>";
		};
/* End PBXVariantGroup section */

/* Begin XCBuildConfiguration section */
		647338BC2509858900CD57BD /* Debug */ = {
			isa = XCBuildConfiguration;
			buildSettings = {
				ALWAYS_SEARCH_USER_PATHS = NO;
				CLANG_ANALYZER_NONNULL = YES;
				CLANG_ANALYZER_NUMBER_OBJECT_CONVERSION = YES_AGGRESSIVE;
				CLANG_CXX_LANGUAGE_STANDARD = "gnu++14";
				CLANG_CXX_LIBRARY = "libc++";
				CLANG_ENABLE_MODULES = YES;
				CLANG_ENABLE_OBJC_ARC = YES;
				CLANG_ENABLE_OBJC_WEAK = YES;
				CLANG_WARN_BLOCK_CAPTURE_AUTORELEASING = YES;
				CLANG_WARN_BOOL_CONVERSION = YES;
				CLANG_WARN_COMMA = YES;
				CLANG_WARN_CONSTANT_CONVERSION = YES;
				CLANG_WARN_DEPRECATED_OBJC_IMPLEMENTATIONS = YES;
				CLANG_WARN_DIRECT_OBJC_ISA_USAGE = YES_ERROR;
				CLANG_WARN_DOCUMENTATION_COMMENTS = YES;
				CLANG_WARN_EMPTY_BODY = YES;
				CLANG_WARN_ENUM_CONVERSION = YES;
				CLANG_WARN_INFINITE_RECURSION = YES;
				CLANG_WARN_INT_CONVERSION = YES;
				CLANG_WARN_NON_LITERAL_NULL_CONVERSION = YES;
				CLANG_WARN_OBJC_IMPLICIT_RETAIN_SELF = YES;
				CLANG_WARN_OBJC_LITERAL_CONVERSION = YES;
				CLANG_WARN_OBJC_ROOT_CLASS = YES_ERROR;
				CLANG_WARN_RANGE_LOOP_ANALYSIS = YES;
				CLANG_WARN_STRICT_PROTOTYPES = YES;
				CLANG_WARN_SUSPICIOUS_MOVE = YES;
				CLANG_WARN_UNGUARDED_AVAILABILITY = YES_AGGRESSIVE;
				CLANG_WARN_UNREACHABLE_CODE = YES;
				CLANG_WARN__DUPLICATE_METHOD_MATCH = YES;
				COPY_PHASE_STRIP = NO;
				DEBUG_INFORMATION_FORMAT = dwarf;
				ENABLE_STRICT_OBJC_MSGSEND = YES;
				ENABLE_TESTABILITY = YES;
				GCC_C_LANGUAGE_STANDARD = gnu11;
				GCC_DYNAMIC_NO_PIC = NO;
				GCC_NO_COMMON_BLOCKS = YES;
				GCC_OPTIMIZATION_LEVEL = 0;
				GCC_PREPROCESSOR_DEFINITIONS = (
					"DEBUG=1",
					"$(inherited)",
				);
				GCC_WARN_64_TO_32_BIT_CONVERSION = YES;
				GCC_WARN_ABOUT_RETURN_TYPE = YES_ERROR;
				GCC_WARN_UNDECLARED_SELECTOR = YES;
				GCC_WARN_UNINITIALIZED_AUTOS = YES_AGGRESSIVE;
				GCC_WARN_UNUSED_FUNCTION = YES;
				GCC_WARN_UNUSED_VARIABLE = YES;
				IPHONEOS_DEPLOYMENT_TARGET = 13.7;
				MTL_ENABLE_DEBUG_INFO = INCLUDE_SOURCE;
				MTL_FAST_MATH = YES;
				ONLY_ACTIVE_ARCH = YES;
				SDKROOT = iphoneos;
				SWIFT_ACTIVE_COMPILATION_CONDITIONS = DEBUG;
				SWIFT_OPTIMIZATION_LEVEL = "-Onone";
			};
			name = Debug;
		};
		647338BD2509858900CD57BD /* Release */ = {
			isa = XCBuildConfiguration;
			buildSettings = {
				ALWAYS_SEARCH_USER_PATHS = NO;
				CLANG_ANALYZER_NONNULL = YES;
				CLANG_ANALYZER_NUMBER_OBJECT_CONVERSION = YES_AGGRESSIVE;
				CLANG_CXX_LANGUAGE_STANDARD = "gnu++14";
				CLANG_CXX_LIBRARY = "libc++";
				CLANG_ENABLE_MODULES = YES;
				CLANG_ENABLE_OBJC_ARC = YES;
				CLANG_ENABLE_OBJC_WEAK = YES;
				CLANG_WARN_BLOCK_CAPTURE_AUTORELEASING = YES;
				CLANG_WARN_BOOL_CONVERSION = YES;
				CLANG_WARN_COMMA = YES;
				CLANG_WARN_CONSTANT_CONVERSION = YES;
				CLANG_WARN_DEPRECATED_OBJC_IMPLEMENTATIONS = YES;
				CLANG_WARN_DIRECT_OBJC_ISA_USAGE = YES_ERROR;
				CLANG_WARN_DOCUMENTATION_COMMENTS = YES;
				CLANG_WARN_EMPTY_BODY = YES;
				CLANG_WARN_ENUM_CONVERSION = YES;
				CLANG_WARN_INFINITE_RECURSION = YES;
				CLANG_WARN_INT_CONVERSION = YES;
				CLANG_WARN_NON_LITERAL_NULL_CONVERSION = YES;
				CLANG_WARN_OBJC_IMPLICIT_RETAIN_SELF = YES;
				CLANG_WARN_OBJC_LITERAL_CONVERSION = YES;
				CLANG_WARN_OBJC_ROOT_CLASS = YES_ERROR;
				CLANG_WARN_RANGE_LOOP_ANALYSIS = YES;
				CLANG_WARN_STRICT_PROTOTYPES = YES;
				CLANG_WARN_SUSPICIOUS_MOVE = YES;
				CLANG_WARN_UNGUARDED_AVAILABILITY = YES_AGGRESSIVE;
				CLANG_WARN_UNREACHABLE_CODE = YES;
				CLANG_WARN__DUPLICATE_METHOD_MATCH = YES;
				COPY_PHASE_STRIP = NO;
				DEBUG_INFORMATION_FORMAT = "dwarf-with-dsym";
				ENABLE_NS_ASSERTIONS = NO;
				ENABLE_STRICT_OBJC_MSGSEND = YES;
				GCC_C_LANGUAGE_STANDARD = gnu11;
				GCC_NO_COMMON_BLOCKS = YES;
				GCC_WARN_64_TO_32_BIT_CONVERSION = YES;
				GCC_WARN_ABOUT_RETURN_TYPE = YES_ERROR;
				GCC_WARN_UNDECLARED_SELECTOR = YES;
				GCC_WARN_UNINITIALIZED_AUTOS = YES_AGGRESSIVE;
				GCC_WARN_UNUSED_FUNCTION = YES;
				GCC_WARN_UNUSED_VARIABLE = YES;
				IPHONEOS_DEPLOYMENT_TARGET = 13.7;
				MTL_ENABLE_DEBUG_INFO = NO;
				MTL_FAST_MATH = YES;
				SDKROOT = iphoneos;
				SWIFT_COMPILATION_MODE = wholemodule;
				SWIFT_OPTIMIZATION_LEVEL = "-O";
				VALIDATE_PRODUCT = YES;
			};
			name = Release;
		};
		647338BF2509858900CD57BD /* Debug */ = {
			isa = XCBuildConfiguration;
			buildSettings = {
				ASSETCATALOG_COMPILER_APPICON_NAME = AppIcon;
				CODE_SIGN_STYLE = Automatic;
				DEVELOPMENT_ASSET_PATHS = "\"DoctorAppointmentApp/Preview Content\"";
				ENABLE_PREVIEWS = YES;
				INFOPLIST_FILE = DoctorAppointmentApp/Info.plist;
				LD_RUNPATH_SEARCH_PATHS = (
					"$(inherited)",
					"@executable_path/Frameworks",
				);
				PRODUCT_BUNDLE_IDENTIFIER = io.github.rphlfc.DoctorAppointmentApp;
				PRODUCT_NAME = "$(TARGET_NAME)";
				SWIFT_VERSION = 5.0;
				TARGETED_DEVICE_FAMILY = "1,2";
			};
			name = Debug;
		};
		647338C02509858900CD57BD /* Release */ = {
			isa = XCBuildConfiguration;
			buildSettings = {
				ASSETCATALOG_COMPILER_APPICON_NAME = AppIcon;
				CODE_SIGN_STYLE = Automatic;
				DEVELOPMENT_ASSET_PATHS = "\"DoctorAppointmentApp/Preview Content\"";
				ENABLE_PREVIEWS = YES;
				INFOPLIST_FILE = DoctorAppointmentApp/Info.plist;
				LD_RUNPATH_SEARCH_PATHS = (
					"$(inherited)",
					"@executable_path/Frameworks",
				);
				PRODUCT_BUNDLE_IDENTIFIER = io.github.rphlfc.DoctorAppointmentApp;
				PRODUCT_NAME = "$(TARGET_NAME)";
				SWIFT_VERSION = 5.0;
				TARGETED_DEVICE_FAMILY = "1,2";
			};
			name = Release;
		};
/* End XCBuildConfiguration section */

/* Begin XCConfigurationList section */
		647338A52509858800CD57BD /* Build configuration list for PBXProject "DoctorAppointmentApp" */ = {
			isa = XCConfigurationList;
			buildConfigurations = (
				647338BC2509858900CD57BD /* Debug */,
				647338BD2509858900CD57BD /* Release */,
			);
			defaultConfigurationIsVisible = 0;
			defaultConfigurationName = Release;
		};
		647338BE2509858900CD57BD /* Build configuration list for PBXNativeTarget "DoctorAppointmentApp" */ = {
			isa = XCConfigurationList;
			buildConfigurations = (
				647338BF2509858900CD57BD /* Debug */,
				647338C02509858900CD57BD /* Release */,
			);
			defaultConfigurationIsVisible = 0;
			defaultConfigurationName = Release;
		};
/* End XCConfigurationList section */
	};
	rootObject = 647338A22509858800CD57BD /* Project object */;
}
